// !$*UTF8*$!
{
	archiveVersion = 1;
	classes = {
	};
	objectVersion = 46;
	objects = {

/* Begin PBXBuildFile section */
		183449A61E20AD4100874E1B /* QuartzCore.framework in Frameworks */ = {isa = PBXBuildFile; fileRef = 183449A51E20AD4000874E1B /* QuartzCore.framework */; };
		1856F2381E2211F3003508B5 /* background.jpg in Resources */ = {isa = PBXBuildFile; fileRef = 1856F2371E2211F3003508B5 /* background.jpg */; };
		18AA658D1E2076B000E70627 /* AppDelegate.swift in Sources */ = {isa = PBXBuildFile; fileRef = 18AA658C1E2076B000E70627 /* AppDelegate.swift */; };
		18AA658F1E2076B000E70627 /* ViewController.swift in Sources */ = {isa = PBXBuildFile; fileRef = 18AA658E1E2076B000E70627 /* ViewController.swift */; };
		18AA65921E2076B000E70627 /* Main.storyboard in Resources */ = {isa = PBXBuildFile; fileRef = 18AA65901E2076B000E70627 /* Main.storyboard */; };
		18AA65941E2076B000E70627 /* Assets.xcassets in Resources */ = {isa = PBXBuildFile; fileRef = 18AA65931E2076B000E70627 /* Assets.xcassets */; };
		18AA65971E2076B000E70627 /* LaunchScreen.storyboard in Resources */ = {isa = PBXBuildFile; fileRef = 18AA65951E2076B000E70627 /* LaunchScreen.storyboard */; };
		18AA65A01E20770B00E70627 /* YouAreTheUniverseBrandNewHeavies.mp3 in Resources */ = {isa = PBXBuildFile; fileRef = 18AA659F1E20770B00E70627 /* YouAreTheUniverseBrandNewHeavies.mp3 */; };
		18AA65A21E20773800E70627 /* Brand_New_Heavies_Shelter.jpg in Resources */ = {isa = PBXBuildFile; fileRef = 18AA65A11E20773800E70627 /* Brand_New_Heavies_Shelter.jpg */; };
		18AA65A71E20796600E70627 /* AVFoundation.framework in Frameworks */ = {isa = PBXBuildFile; fileRef = 18AA65A61E20796600E70627 /* AVFoundation.framework */; };
/* End PBXBuildFile section */

/* Begin PBXFileReference section */
		183449A51E20AD4000874E1B /* QuartzCore.framework */ = {isa = PBXFileReference; lastKnownFileType = wrapper.framework; name = QuartzCore.framework; path = System/Library/Frameworks/QuartzCore.framework; sourceTree = SDKROOT; };
		1856F2371E2211F3003508B5 /* background.jpg */ = {isa = PBXFileReference; lastKnownFileType = image.jpeg; path = background.jpg; sourceTree = "<group>"; };
		18AA65891E2076B000E70627 /* Music.app */ = {isa = PBXFileReference; explicitFileType = wrapper.application; includeInIndex = 0; path = Music.app; sourceTree = BUILT_PRODUCTS_DIR; };
		18AA658C1E2076B000E70627 /* AppDelegate.swift */ = {isa = PBXFileReference; lastKnownFileType = sourcecode.swift; path = AppDelegate.swift; sourceTree = "<group>"; };
		18AA658E1E2076B000E70627 /* ViewController.swift */ = {isa = PBXFileReference; lastKnownFileType = sourcecode.swift; path = ViewController.swift; sourceTree = "<group>"; };
		18AA65911E2076B000E70627 /* Base */ = {isa = PBXFileReference; lastKnownFileType = file.storyboard; name = Base; path = Base.lproj/Main.storyboard; sourceTree = "<group>"; };
		18AA65931E2076B000E70627 /* Assets.xcassets */ = {isa = PBXFileReference; lastKnownFileType = folder.assetcatalog; path = Assets.xcassets; sourceTree = "<group>"; };
		18AA65961E2076B000E70627 /* Base */ = {isa = PBXFileReference; lastKnownFileType = file.storyboard; name = Base; path = Base.lproj/LaunchScreen.storyboard; sourceTree = "<group>"; };
		18AA65981E2076B000E70627 /* Info.plist */ = {isa = PBXFileReference; lastKnownFileType = text.plist.xml; path = Info.plist; sourceTree = "<group>"; };
		18AA659F1E20770B00E70627 /* YouAreTheUniverseBrandNewHeavies.mp3 */ = {isa = PBXFileReference; lastKnownFileType = audio.mp3; path = YouAreTheUniverseBrandNewHeavies.mp3; sourceTree = "<group>"; };
		18AA65A11E20773800E70627 /* Brand_New_Heavies_Shelter.jpg */ = {isa = PBXFileReference; lastKnownFileType = image.jpeg; path = Brand_New_Heavies_Shelter.jpg; sourceTree = "<group>"; };
		18AA65A61E20796600E70627 /* AVFoundation.framework */ = {isa = PBXFileReference; lastKnownFileType = wrapper.framework; name = AVFoundation.framework; path = System/Library/Frameworks/AVFoundation.framework; sourceTree = SDKROOT; };
/* End PBXFileReference section */

/* Begin PBXFrameworksBuildPhase section */
		18AA65861E2076B000E70627 /* Frameworks */ = {
			isa = PBXFrameworksBuildPhase;
			buildActionMask = 2147483647;
			files = (
				183449A61E20AD4100874E1B /* QuartzCore.framework in Frameworks */,
				18AA65A71E20796600E70627 /* AVFoundation.framework in Frameworks */,
			);
			runOnlyForDeploymentPostprocessing = 0;
		};
/* End PBXFrameworksBuildPhase section */

/* Begin PBXGroup section */
		18AA65801E2076B000E70627 = {
			isa = PBXGroup;
			children = (
				18AA658B1E2076B000E70627 /* Music */,
				18AA658A1E2076B000E70627 /* Products */,
				18AA65A31E20783500E70627 /* Frameworks */,
			);
			sourceTree = "<group>";
		};
		18AA658A1E2076B000E70627 /* Products */ = {
			isa = PBXGroup;
			children = (
				18AA65891E2076B000E70627 /* Music.app */,
			);
			name = Products;
			sourceTree = "<group>";
		};
		18AA658B1E2076B000E70627 /* Music */ = {
			isa = PBXGroup;
			children = (
				18AA658C1E2076B000E70627 /* AppDelegate.swift */,
				18AA658E1E2076B000E70627 /* ViewController.swift */,
				18AA659E1E2076D800E70627 /* Music */,
				18AA65901E2076B000E70627 /* Main.storyboard */,
				18AA65931E2076B000E70627 /* Assets.xcassets */,
				18AA65951E2076B000E70627 /* LaunchScreen.storyboard */,
				18AA65981E2076B000E70627 /* Info.plist */,
			);
			path = Music;
			sourceTree = "<group>";
		};
		18AA659E1E2076D800E70627 /* Music */ = {
			isa = PBXGroup;
			children = (
				1856F2371E2211F3003508B5 /* background.jpg */,
				18AA65A11E20773800E70627 /* Brand_New_Heavies_Shelter.jpg */,
				18AA659F1E20770B00E70627 /* YouAreTheUniverseBrandNewHeavies.mp3 */,
			);
			name = Music;
			sourceTree = "<group>";
		};
		18AA65A31E20783500E70627 /* Frameworks */ = {
			isa = PBXGroup;
			children = (
				183449A51E20AD4000874E1B /* QuartzCore.framework */,
				18AA65A61E20796600E70627 /* AVFoundation.framework */,
			);
			name = Frameworks;
			sourceTree = "<group>";
		};
/* End PBXGroup section */

/* Begin PBXNativeTarget section */
		18AA65881E2076B000E70627 /* Music */ = {
			isa = PBXNativeTarget;
			buildConfigurationList = 18AA659B1E2076B000E70627 /* Build configuration list for PBXNativeTarget "Music" */;
			buildPhases = (
				18AA65851E2076B000E70627 /* Sources */,
				18AA65861E2076B000E70627 /* Frameworks */,
				18AA65871E2076B000E70627 /* Resources */,
			);
			buildRules = (
			);
			dependencies = (
			);
			name = Music;
			productName = Music;
			productReference = 18AA65891E2076B000E70627 /* Music.app */;
			productType = "com.apple.product-type.application";
		};
/* End PBXNativeTarget section */

/* Begin PBXProject section */
		18AA65811E2076B000E70627 /* Project object */ = {
			isa = PBXProject;
			attributes = {
				LastSwiftUpdateCheck = 0820;
				LastUpgradeCheck = 0820;
				ORGANIZATIONNAME = "松井　里衣";
				TargetAttributes = {
					18AA65881E2076B000E70627 = {
						CreatedOnToolsVersion = 8.2;
						ProvisioningStyle = Automatic;
					};
				};
			};
			buildConfigurationList = 18AA65841E2076B000E70627 /* Build configuration list for PBXProject "Music" */;
			compatibilityVersion = "Xcode 3.2";
			developmentRegion = English;
			hasScannedForEncodings = 0;
			knownRegions = (
				en,
				Base,
			);
			mainGroup = 18AA65801E2076B000E70627;
			productRefGroup = 18AA658A1E2076B000E70627 /* Products */;
			projectDirPath = "";
			projectRoot = "";
			targets = (
				18AA65881E2076B000E70627 /* Music */,
			);
		};
/* End PBXProject section */

/* Begin PBXResourcesBuildPhase section */
		18AA65871E2076B000E70627 /* Resources */ = {
			isa = PBXResourcesBuildPhase;
			buildActionMask = 2147483647;
			files = (
				18AA65A21E20773800E70627 /* Brand_New_Heavies_Shelter.jpg in Resources */,
				18AA65A01E20770B00E70627 /* YouAreTheUniverseBrandNewHeavies.mp3 in Resources */,
				18AA65971E2076B000E70627 /* LaunchScreen.storyboard in Resources */,
				1856F2381E2211F3003508B5 /* background.jpg in Resources */,
				18AA65941E2076B000E70627 /* Assets.xcassets in Resources */,
				18AA65921E2076B000E70627 /* Main.storyboard in Resources */,
			);
			runOnlyForDeploymentPostprocessing = 0;
		};
/* End PBXResourcesBuildPhase section */

/* Begin PBXSourcesBuildPhase section */
		18AA65851E2076B000E70627 /* Sources */ = {
			isa = PBXSourcesBuildPhase;
			buildActionMask = 2147483647;
			files = (
				18AA658F1E2076B000E70627 /* ViewController.swift in Sources */,
				18AA658D1E2076B000E70627 /* AppDelegate.swift in Sources */,
			);
			runOnlyForDeploymentPostprocessing = 0;
		};
/* End PBXSourcesBuildPhase section */

/* Begin PBXVariantGroup section */
		18AA65901E2076B000E70627 /* Main.storyboard */ = {
			isa = PBXVariantGroup;
			children = (
				18AA65911E2076B000E70627 /* Base */,
			);
			name = Main.storyboard;
			sourceTree = "<group>";
		};
		18AA65951E2076B000E70627 /* LaunchScreen.storyboard */ = {
			isa = PBXVariantGroup;
			children = (
				18AA65961E2076B000E70627 /* Base */,
			);
			name = LaunchScreen.storyboard;
			sourceTree = "<group>";
		};
/* End PBXVariantGroup section */

/* Begin XCBuildConfiguration section */
		18AA65991E2076B000E70627 /* Debug */ = {
			isa = XCBuildConfiguration;
			buildSettings = {
				ALWAYS_SEARCH_USER_PATHS = NO;
				CLANG_ANALYZER_NONNULL = YES;
				CLANG_CXX_LANGUAGE_STANDARD = "gnu++0x";
				CLANG_CXX_LIBRARY = "libc++";
				CLANG_ENABLE_MODULES = YES;
				CLANG_ENABLE_OBJC_ARC = YES;
				CLANG_WARN_BOOL_CONVERSION = YES;
				CLANG_WARN_CONSTANT_CONVERSION = YES;
				CLANG_WARN_DIRECT_OBJC_ISA_USAGE = YES_ERROR;
				CLANG_WARN_DOCUMENTATION_COMMENTS = YES;
				CLANG_WARN_EMPTY_BODY = YES;
				CLANG_WARN_ENUM_CONVERSION = YES;
				CLANG_WARN_INFINITE_RECURSION = YES;
				CLANG_WARN_INT_CONVERSION = YES;
				CLANG_WARN_OBJC_ROOT_CLASS = YES_ERROR;
				CLANG_WARN_SUSPICIOUS_MOVE = YES;
				CLANG_WARN_UNREACHABLE_CODE = YES;
				CLANG_WARN__DUPLICATE_METHOD_MATCH = YES;
				"CODE_SIGN_IDENTITY[sdk=iphoneos*]" = "iPhone Developer";
				COPY_PHASE_STRIP = NO;
				DEBUG_INFORMATION_FORMAT = dwarf;
				ENABLE_STRICT_OBJC_MSGSEND = YES;
				ENABLE_TESTABILITY = YES;
				GCC_C_LANGUAGE_STANDARD = gnu99;
				GCC_DYNAMIC_NO_PIC = NO;
				GCC_NO_COMMON_BLOCKS = YES;
				GCC_OPTIMIZATION_LEVEL = 0;
				GCC_PREPROCESSOR_DEFINITIONS = (
					"DEBUG=1",
					"$(inherited)",
				);
				GCC_WARN_64_TO_32_BIT_CONVERSION = YES;
				GCC_WARN_ABOUT_RETURN_TYPE = YES_ERROR;
				GCC_WARN_UNDECLARED_SELECTOR = YES;
				GCC_WARN_UNINITIALIZED_AUTOS = YES_AGGRESSIVE;
				GCC_WARN_UNUSED_FUNCTION = YES;
				GCC_WARN_UNUSED_VARIABLE = YES;
				IPHONEOS_DEPLOYMENT_TARGET = 10.2;
				MTL_ENABLE_DEBUG_INFO = YES;
				ONLY_ACTIVE_ARCH = YES;
				SDKROOT = iphoneos;
				SWIFT_ACTIVE_COMPILATION_CONDITIONS = DEBUG;
				SWIFT_OPTIMIZATION_LEVEL = "-Onone";
			};
			name = Debug;
		};
		18AA659A1E2076B000E70627 /* Release */ = {
			isa = XCBuildConfiguration;
			buildSettings = {
				ALWAYS_SEARCH_USER_PATHS = NO;
				CLANG_ANALYZER_NONNULL = YES;
				CLANG_CXX_LANGUAGE_STANDARD = "gnu++0x";
				CLANG_CXX_LIBRARY = "libc++";
				CLANG_ENABLE_MODULES = YES;
				CLANG_ENABLE_OBJC_ARC = YES;
				CLANG_WARN_BOOL_CONVERSION = YES;
				CLANG_WARN_CONSTANT_CONVERSION = YES;
				CLANG_WARN_DIRECT_OBJC_ISA_USAGE = YES_ERROR;
				CLANG_WARN_DOCUMENTATION_COMMENTS = YES;
				CLANG_WARN_EMPTY_BODY = YES;
				CLANG_WARN_ENUM_CONVERSION = YES;
				CLANG_WARN_INFINITE_RECURSION = YES;
				CLANG_WARN_INT_CONVERSION = YES;
				CLANG_WARN_OBJC_ROOT_CLASS = YES_ERROR;
				CLANG_WARN_SUSPICIOUS_MOVE = YES;
				CLANG_WARN_UNREACHABLE_CODE = YES;
				CLANG_WARN__DUPLICATE_METHOD_MATCH = YES;
				"CODE_SIGN_IDENTITY[sdk=iphoneos*]" = "iPhone Developer";
				COPY_PHASE_STRIP = NO;
				DEBUG_INFORMATION_FORMAT = "dwarf-with-dsym";
				ENABLE_NS_ASSERTIONS = NO;
				ENABLE_STRICT_OBJC_MSGSEND = YES;
				GCC_C_LANGUAGE_STANDARD = gnu99;
				GCC_NO_COMMON_BLOCKS = YES;
				GCC_WARN_64_TO_32_BIT_CONVERSION = YES;
				GCC_WARN_ABOUT_RETURN_TYPE = YES_ERROR;
				GCC_WARN_UNDECLARED_SELECTOR = YES;
				GCC_WARN_UNINITIALIZED_AUTOS = YES_AGGRESSIVE;
				GCC_WARN_UNUSED_FUNCTION = YES;
				GCC_WARN_UNUSED_VARIABLE = YES;
				IPHONEOS_DEPLOYMENT_TARGET = 10.2;
				MTL_ENABLE_DEBUG_INFO = NO;
				SDKROOT = iphoneos;
				SWIFT_OPTIMIZATION_LEVEL = "-Owholemodule";
				VALIDATE_PRODUCT = YES;
			};
			name = Release;
		};
		18AA659C1E2076B000E70627 /* Debug */ = {
			isa = XCBuildConfiguration;
			buildSettings = {
				ASSETCATALOG_COMPILER_APPICON_NAME = AppIcon;
				INFOPLIST_FILE = Music/Info.plist;
				LD_RUNPATH_SEARCH_PATHS = "$(inherited) @executable_path/Frameworks";
				PRODUCT_BUNDLE_IDENTIFIER = jp.matsui.Music;
				PRODUCT_NAME = "$(TARGET_NAME)";
				SWIFT_VERSION = 3.0;
			};
			name = Debug;
		};
		18AA659D1E2076B000E70627 /* Release */ = {
			isa = XCBuildConfiguration;
			buildSettings = {
				ASSETCATALOG_COMPILER_APPICON_NAME = AppIcon;
				INFOPLIST_FILE = Music/Info.plist;
				LD_RUNPATH_SEARCH_PATHS = "$(inherited) @executable_path/Frameworks";
				PRODUCT_BUNDLE_IDENTIFIER = jp.matsui.Music;
				PRODUCT_NAME = "$(TARGET_NAME)";
				SWIFT_VERSION = 3.0;
			};
			name = Release;
		};
/* End XCBuildConfiguration section */

/* Begin XCConfigurationList section */
		18AA65841E2076B000E70627 /* Build configuration list for PBXProject "Music" */ = {
			isa = XCConfigurationList;
			buildConfigurations = (
				18AA65991E2076B000E70627 /* Debug */,
				18AA659A1E2076B000E70627 /* Release */,
			);
			defaultConfigurationIsVisible = 0;
			defaultConfigurationName = Release;
		};
		18AA659B1E2076B000E70627 /* Build configuration list for PBXNativeTarget "Music" */ = {
			isa = XCConfigurationList;
			buildConfigurations = (
				18AA659C1E2076B000E70627 /* Debug */,
				18AA659D1E2076B000E70627 /* Release */,
			);
			defaultConfigurationIsVisible = 0;
			defaultConfigurationName = Release;
		};
/* End XCConfigurationList section */
	};
	rootObject = 18AA65811E2076B000E70627 /* Project object */;
}
